
Microsoft Visual Studio Solution File, Format Version 11.00
# Visual Studio 2010
Project("{FAE04EC0-301F-11D3-BF4B-00C04F79EFBC}") = "WazeWP7", "WazeWP7.csproj", "{986E347D-65E7-475C-BD63-914CC94F7D28}"
EndProject
Project("{FAE04EC0-301F-11D3-BF4B-00C04F79EFBC}") = "ZlibWP7", "..\ZlibWP7\ZlibWP7.csproj", "{B0EDE0F5-4C4B-498C-B08D-35B8CE76F6B5}"
EndProject
Global
	GlobalSection(SolutionConfigurationPlatforms) = preSolution
		Debug|Any CPU = Debug|Any CPU
		Release|Any CPU = Release|Any CPU
	EndGlobalSection
	GlobalSection(ProjectConfigurationPlatforms) = postSolution
		{986E347D-65E7-475C-BD63-914CC94F7D28}.Debug|Any CPU.ActiveCfg = Debug|Any CPU
		{986E347D-65E7-475C-BD63-914CC94F7D28}.Debug|Any CPU.Build.0 = Debug|Any CPU
		{986E347D-65E7-475C-BD63-914CC94F7D28}.Debug|Any CPU.Deploy.0 = Debug|Any CPU
		{986E347D-65E7-475C-BD63-914CC94F7D28}.Release|Any CPU.ActiveCfg = Release|Any CPU
		{986E347D-65E7-475C-BD63-914CC94F7D28}.Release|Any CPU.Build.0 = Release|Any CPU
		{986E347D-65E7-475C-BD63-914CC94F7D28}.Release|Any CPU.Deploy.0 = Release|Any CPU
		{B0EDE0F5-4C4B-498C-B08D-35B8CE76F6B5}.Debug|Any CPU.ActiveCfg = Debug|Any CPU
		{B0EDE0F5-4C4B-498C-B08D-35B8CE76F6B5}.Debug|Any CPU.Build.0 = Debug|Any CPU
		{B0EDE0F5-4C4B-498C-B08D-35B8CE76F6B5}.Release|Any CPU.ActiveCfg = Release|Any CPU
		{B0EDE0F5-4C4B-498C-B08D-35B8CE76F6B5}.Release|Any CPU.Build.0 = Release|Any CPU
	EndGlobalSection
	GlobalSection(SolutionProperties) = preSolution
		HideSolutionNode = FALSE
	EndGlobalSection
EndGlobal
